// !$*UTF8*$!
{
	archiveVersion = 1;
	classes = {
	};
	objectVersion = 50;
	objects = {

/* Begin PBXBuildFile section */
		034058E72658031D00DF115E /* AppDelegate.swift in Sources */ = {isa = PBXBuildFile; fileRef = 034058E62658031D00DF115E /* AppDelegate.swift */; };
		034058E92658031D00DF115E /* SceneDelegate.swift in Sources */ = {isa = PBXBuildFile; fileRef = 034058E82658031D00DF115E /* SceneDelegate.swift */; };
		034058EB2658031D00DF115E /* ViewController.swift in Sources */ = {isa = PBXBuildFile; fileRef = 034058EA2658031D00DF115E /* ViewController.swift */; };
		034058EE2658031D00DF115E /* Main.storyboard in Resources */ = {isa = PBXBuildFile; fileRef = 034058EC2658031D00DF115E /* Main.storyboard */; };
		034058F02658031E00DF115E /* Assets.xcassets in Resources */ = {isa = PBXBuildFile; fileRef = 034058EF2658031E00DF115E /* Assets.xcassets */; };
		034058F32658031E00DF115E /* LaunchScreen.storyboard in Resources */ = {isa = PBXBuildFile; fileRef = 034058F12658031E00DF115E /* LaunchScreen.storyboard */; };
		03405902265803F000DF115E /* Models.swift in Sources */ = {isa = PBXBuildFile; fileRef = 03405901265803F000DF115E /* Models.swift */; };
		034059042658042700DF115E /* groupAndPersonController.swift in Sources */ = {isa = PBXBuildFile; fileRef = 034059032658042700DF115E /* groupAndPersonController.swift */; };
/* End PBXBuildFile section */

/* Begin PBXFileReference section */
		034058E32658031D00DF115E /* Pair Randomizer.app */ = {isa = PBXFileReference; explicitFileType = wrapper.application; includeInIndex = 0; path = "Pair Randomizer.app"; sourceTree = BUILT_PRODUCTS_DIR; };
		034058E62658031D00DF115E /* AppDelegate.swift */ = {isa = PBXFileReference; lastKnownFileType = sourcecode.swift; path = AppDelegate.swift; sourceTree = "<group>"; };
		034058E82658031D00DF115E /* SceneDelegate.swift */ = {isa = PBXFileReference; lastKnownFileType = sourcecode.swift; path = SceneDelegate.swift; sourceTree = "<group>"; };
		034058EA2658031D00DF115E /* ViewController.swift */ = {isa = PBXFileReference; lastKnownFileType = sourcecode.swift; path = ViewController.swift; sourceTree = "<group>"; };
		034058ED2658031D00DF115E /* Base */ = {isa = PBXFileReference; lastKnownFileType = file.storyboard; name = Base; path = Base.lproj/Main.storyboard; sourceTree = "<group>"; };
		034058EF2658031E00DF115E /* Assets.xcassets */ = {isa = PBXFileReference; lastKnownFileType = folder.assetcatalog; path = Assets.xcassets; sourceTree = "<group>"; };
		034058F22658031E00DF115E /* Base */ = {isa = PBXFileReference; lastKnownFileType = file.storyboard; name = Base; path = Base.lproj/LaunchScreen.storyboard; sourceTree = "<group>"; };
		034058F42658031E00DF115E /* Info.plist */ = {isa = PBXFileReference; lastKnownFileType = text.plist.xml; path = Info.plist; sourceTree = "<group>"; };
		03405901265803F000DF115E /* Models.swift */ = {isa = PBXFileReference; lastKnownFileType = sourcecode.swift; path = Models.swift; sourceTree = "<group>"; };
		034059032658042700DF115E /* groupAndPersonController.swift */ = {isa = PBXFileReference; lastKnownFileType = sourcecode.swift; path = groupAndPersonController.swift; sourceTree = "<group>"; };
/* End PBXFileReference section */

/* Begin PBXFrameworksBuildPhase section */
		034058E02658031D00DF115E /* Frameworks */ = {
			isa = PBXFrameworksBuildPhase;
			buildActionMask = 2147483647;
			files = (
			);
			runOnlyForDeploymentPostprocessing = 0;
		};
/* End PBXFrameworksBuildPhase section */

/* Begin PBXGroup section */
		034058DA2658031D00DF115E = {
			isa = PBXGroup;
			children = (
				034058E52658031D00DF115E /* Pair Randomizer */,
				034058E42658031D00DF115E /* Products */,
			);
			sourceTree = "<group>";
		};
		034058E42658031D00DF115E /* Products */ = {
			isa = PBXGroup;
			children = (
				034058E32658031D00DF115E /* Pair Randomizer.app */,
			);
			name = Products;
			sourceTree = "<group>";
		};
		034058E52658031D00DF115E /* Pair Randomizer */ = {
			isa = PBXGroup;
			children = (
				034058FD265803C600DF115E /* controller */,
				034058FC265803C200DF115E /* views */,
				034058FB265803C000DF115E /* model */,
				034058FA265803BE00DF115E /* res */,
			);
			path = "Pair Randomizer";
			sourceTree = "<group>";
		};
		034058FA265803BE00DF115E /* res */ = {
			isa = PBXGroup;
			children = (
				034058E62658031D00DF115E /* AppDelegate.swift */,
				034058E82658031D00DF115E /* SceneDelegate.swift */,
				034058EF2658031E00DF115E /* Assets.xcassets */,
				034058F42658031E00DF115E /* Info.plist */,
			);
			path = res;
			sourceTree = "<group>";
		};
		034058FB265803C000DF115E /* model */ = {
			isa = PBXGroup;
			children = (
				03405901265803F000DF115E /* Models.swift */,
			);
			path = model;
			sourceTree = "<group>";
		};
		034058FC265803C200DF115E /* views */ = {
			isa = PBXGroup;
			children = (
				03405900265803D200DF115E /* story */,
			);
			path = views;
			sourceTree = "<group>";
		};
		034058FD265803C600DF115E /* controller */ = {
			isa = PBXGroup;
			children = (
				034058FF265803CD00DF115E /* view */,
				034058FE265803CB00DF115E /* model */,
			);
			path = controller;
			sourceTree = "<group>";
		};
		034058FE265803CB00DF115E /* model */ = {
			isa = PBXGroup;
			children = (
				034059032658042700DF115E /* groupAndPersonController.swift */,
			);
			path = model;
			sourceTree = "<group>";
		};
		034058FF265803CD00DF115E /* view */ = {
			isa = PBXGroup;
			children = (
				034058EA2658031D00DF115E /* ViewController.swift */,
			);
			path = view;
			sourceTree = "<group>";
		};
		03405900265803D200DF115E /* story */ = {
			isa = PBXGroup;
			children = (
				034058EC2658031D00DF115E /* Main.storyboard */,
				034058F12658031E00DF115E /* LaunchScreen.storyboard */,
			);
			path = story;
			sourceTree = "<group>";
		};
/* End PBXGroup section */

/* Begin PBXNativeTarget section */
		034058E22658031D00DF115E /* Pair Randomizer */ = {
			isa = PBXNativeTarget;
			buildConfigurationList = 034058F72658031E00DF115E /* Build configuration list for PBXNativeTarget "Pair Randomizer" */;
			buildPhases = (
				034058DF2658031D00DF115E /* Sources */,
				034058E02658031D00DF115E /* Frameworks */,
				034058E12658031D00DF115E /* Resources */,
			);
			buildRules = (
			);
			dependencies = (
			);
			name = "Pair Randomizer";
			productName = "Pair Randomizer";
			productReference = 034058E32658031D00DF115E /* Pair Randomizer.app */;
			productType = "com.apple.product-type.application";
		};
/* End PBXNativeTarget section */

/* Begin PBXProject section */
		034058DB2658031D00DF115E /* Project object */ = {
			isa = PBXProject;
			attributes = {
				LastSwiftUpdateCheck = 1250;
				LastUpgradeCheck = 1250;
				TargetAttributes = {
					034058E22658031D00DF115E = {
						CreatedOnToolsVersion = 12.5;
					};
				};
			};
			buildConfigurationList = 034058DE2658031D00DF115E /* Build configuration list for PBXProject "Pair Randomizer" */;
			compatibilityVersion = "Xcode 9.3";
			developmentRegion = en;
			hasScannedForEncodings = 0;
			knownRegions = (
				en,
				Base,
			);
			mainGroup = 034058DA2658031D00DF115E;
			productRefGroup = 034058E42658031D00DF115E /* Products */;
			projectDirPath = "";
			projectRoot = "";
			targets = (
				034058E22658031D00DF115E /* Pair Randomizer */,
			);
		};
/* End PBXProject section */

/* Begin PBXResourcesBuildPhase section */
		034058E12658031D00DF115E /* Resources */ = {
			isa = PBXResourcesBuildPhase;
			buildActionMask = 2147483647;
			files = (
				034058F32658031E00DF115E /* LaunchScreen.storyboard in Resources */,
				034058F02658031E00DF115E /* Assets.xcassets in Resources */,
				034058EE2658031D00DF115E /* Main.storyboard in Resources */,
			);
			runOnlyForDeploymentPostprocessing = 0;
		};
/* End PBXResourcesBuildPhase section */

/* Begin PBXSourcesBuildPhase section */
		034058DF2658031D00DF115E /* Sources */ = {
			isa = PBXSourcesBuildPhase;
			buildActionMask = 2147483647;
			files = (
				034059042658042700DF115E /* groupAndPersonController.swift in Sources */,
				034058EB2658031D00DF115E /* ViewController.swift in Sources */,
				034058E72658031D00DF115E /* AppDelegate.swift in Sources */,
				034058E92658031D00DF115E /* SceneDelegate.swift in Sources */,
				03405902265803F000DF115E /* Models.swift in Sources */,
			);
			runOnlyForDeploymentPostprocessing = 0;
		};
/* End PBXSourcesBuildPhase section */

/* Begin PBXVariantGroup section */
		034058EC2658031D00DF115E /* Main.storyboard */ = {
			isa = PBXVariantGroup;
			children = (
				034058ED2658031D00DF115E /* Base */,
			);
			name = Main.storyboard;
			sourceTree = "<group>";
		};
		034058F12658031E00DF115E /* LaunchScreen.storyboard */ = {
			isa = PBXVariantGroup;
			children = (
				034058F22658031E00DF115E /* Base */,
			);
			name = LaunchScreen.storyboard;
			sourceTree = "<group>";
		};
/* End PBXVariantGroup section */

/* Begin XCBuildConfiguration section */
		034058F52658031E00DF115E /* Debug */ = {
			isa = XCBuildConfiguration;
			buildSettings = {
				ALWAYS_SEARCH_USER_PATHS = NO;
				CLANG_ANALYZER_NONNULL = YES;
				CLANG_ANALYZER_NUMBER_OBJECT_CONVERSION = YES_AGGRESSIVE;
				CLANG_CXX_LANGUAGE_STANDARD = "gnu++14";
				CLANG_CXX_LIBRARY = "libc++";
				CLANG_ENABLE_MODULES = YES;
				CLANG_ENABLE_OBJC_ARC = YES;
				CLANG_ENABLE_OBJC_WEAK = YES;
				CLANG_WARN_BLOCK_CAPTURE_AUTORELEASING = YES;
				CLANG_WARN_BOOL_CONVERSION = YES;
				CLANG_WARN_COMMA = YES;
				CLANG_WARN_CONSTANT_CONVERSION = YES;
				CLANG_WARN_DEPRECATED_OBJC_IMPLEMENTATIONS = YES;
				CLANG_WARN_DIRECT_OBJC_ISA_USAGE = YES_ERROR;
				CLANG_WARN_DOCUMENTATION_COMMENTS = YES;
				CLANG_WARN_EMPTY_BODY = YES;
				CLANG_WARN_ENUM_CONVERSION = YES;
				CLANG_WARN_INFINITE_RECURSION = YES;
				CLANG_WARN_INT_CONVERSION = YES;
				CLANG_WARN_NON_LITERAL_NULL_CONVERSION = YES;
				CLANG_WARN_OBJC_IMPLICIT_RETAIN_SELF = YES;
				CLANG_WARN_OBJC_LITERAL_CONVERSION = YES;
				CLANG_WARN_OBJC_ROOT_CLASS = YES_ERROR;
				CLANG_WARN_QUOTED_INCLUDE_IN_FRAMEWORK_HEADER = YES;
				CLANG_WARN_RANGE_LOOP_ANALYSIS = YES;
				CLANG_WARN_STRICT_PROTOTYPES = YES;
				CLANG_WARN_SUSPICIOUS_MOVE = YES;
				CLANG_WARN_UNGUARDED_AVAILABILITY = YES_AGGRESSIVE;
				CLANG_WARN_UNREACHABLE_CODE = YES;
				CLANG_WARN__DUPLICATE_METHOD_MATCH = YES;
				COPY_PHASE_STRIP = NO;
				DEBUG_INFORMATION_FORMAT = dwarf;
				ENABLE_STRICT_OBJC_MSGSEND = YES;
				ENABLE_TESTABILITY = YES;
				GCC_C_LANGUAGE_STANDARD = gnu11;
				GCC_DYNAMIC_NO_PIC = NO;
				GCC_NO_COMMON_BLOCKS = YES;
				GCC_OPTIMIZATION_LEVEL = 0;
				GCC_PREPROCESSOR_DEFINITIONS = (
					"DEBUG=1",
					"$(inherited)",
				);
				GCC_WARN_64_TO_32_BIT_CONVERSION = YES;
				GCC_WARN_ABOUT_RETURN_TYPE = YES_ERROR;
				GCC_WARN_UNDECLARED_SELECTOR = YES;
				GCC_WARN_UNINITIALIZED_AUTOS = YES_AGGRESSIVE;
				GCC_WARN_UNUSED_FUNCTION = YES;
				GCC_WARN_UNUSED_VARIABLE = YES;
				IPHONEOS_DEPLOYMENT_TARGET = 14.5;
				MTL_ENABLE_DEBUG_INFO = INCLUDE_SOURCE;
				MTL_FAST_MATH = YES;
				ONLY_ACTIVE_ARCH = YES;
				SDKROOT = iphoneos;
				SWIFT_ACTIVE_COMPILATION_CONDITIONS = DEBUG;
				SWIFT_OPTIMIZATION_LEVEL = "-Onone";
			};
			name = Debug;
		};
		034058F62658031E00DF115E /* Release */ = {
			isa = XCBuildConfiguration;
			buildSettings = {
				ALWAYS_SEARCH_USER_PATHS = NO;
				CLANG_ANALYZER_NONNULL = YES;
				CLANG_ANALYZER_NUMBER_OBJECT_CONVERSION = YES_AGGRESSIVE;
				CLANG_CXX_LANGUAGE_STANDARD = "gnu++14";
				CLANG_CXX_LIBRARY = "libc++";
				CLANG_ENABLE_MODULES = YES;
				CLANG_ENABLE_OBJC_ARC = YES;
				CLANG_ENABLE_OBJC_WEAK = YES;
				CLANG_WARN_BLOCK_CAPTURE_AUTORELEASING = YES;
				CLANG_WARN_BOOL_CONVERSION = YES;
				CLANG_WARN_COMMA = YES;
				CLANG_WARN_CONSTANT_CONVERSION = YES;
				CLANG_WARN_DEPRECATED_OBJC_IMPLEMENTATIONS = YES;
				CLANG_WARN_DIRECT_OBJC_ISA_USAGE = YES_ERROR;
				CLANG_WARN_DOCUMENTATION_COMMENTS = YES;
				CLANG_WARN_EMPTY_BODY = YES;
				CLANG_WARN_ENUM_CONVERSION = YES;
				CLANG_WARN_INFINITE_RECURSION = YES;
				CLANG_WARN_INT_CONVERSION = YES;
				CLANG_WARN_NON_LITERAL_NULL_CONVERSION = YES;
				CLANG_WARN_OBJC_IMPLICIT_RETAIN_SELF = YES;
				CLANG_WARN_OBJC_LITERAL_CONVERSION = YES;
				CLANG_WARN_OBJC_ROOT_CLASS = YES_ERROR;
				CLANG_WARN_QUOTED_INCLUDE_IN_FRAMEWORK_HEADER = YES;
				CLANG_WARN_RANGE_LOOP_ANALYSIS = YES;
				CLANG_WARN_STRICT_PROTOTYPES = YES;
				CLANG_WARN_SUSPICIOUS_MOVE = YES;
				CLANG_WARN_UNGUARDED_AVAILABILITY = YES_AGGRESSIVE;
				CLANG_WARN_UNREACHABLE_CODE = YES;
				CLANG_WARN__DUPLICATE_METHOD_MATCH = YES;
				COPY_PHASE_STRIP = NO;
				DEBUG_INFORMATION_FORMAT = "dwarf-with-dsym";
				ENABLE_NS_ASSERTIONS = NO;
				ENABLE_STRICT_OBJC_MSGSEND = YES;
				GCC_C_LANGUAGE_STANDARD = gnu11;
				GCC_NO_COMMON_BLOCKS = YES;
				GCC_WARN_64_TO_32_BIT_CONVERSION = YES;
				GCC_WARN_ABOUT_RETURN_TYPE = YES_ERROR;
				GCC_WARN_UNDECLARED_SELECTOR = YES;
				GCC_WARN_UNINITIALIZED_AUTOS = YES_AGGRESSIVE;
				GCC_WARN_UNUSED_FUNCTION = YES;
				GCC_WARN_UNUSED_VARIABLE = YES;
				IPHONEOS_DEPLOYMENT_TARGET = 14.5;
				MTL_ENABLE_DEBUG_INFO = NO;
				MTL_FAST_MATH = YES;
				SDKROOT = iphoneos;
				SWIFT_COMPILATION_MODE = wholemodule;
				SWIFT_OPTIMIZATION_LEVEL = "-O";
				VALIDATE_PRODUCT = YES;
			};
			name = Release;
		};
		034058F82658031E00DF115E /* Debug */ = {
			isa = XCBuildConfiguration;
			buildSettings = {
				ASSETCATALOG_COMPILER_APPICON_NAME = AppIcon;
				ASSETCATALOG_COMPILER_GLOBAL_ACCENT_COLOR_NAME = AccentColor;
				CODE_SIGN_STYLE = Automatic;
				DEVELOPMENT_TEAM = RCJN47T742;
				INFOPLIST_FILE = "Pair Randomizer/res/Info.plist";
				LD_RUNPATH_SEARCH_PATHS = (
					"$(inherited)",
					"@executable_path/Frameworks",
				);
				PRODUCT_BUNDLE_IDENTIFIER = "com.smithyboi.Pair-Randomizer";
				PRODUCT_NAME = "$(TARGET_NAME)";
				SWIFT_VERSION = 5.0;
				TARGETED_DEVICE_FAMILY = "1,2";
			};
			name = Debug;
		};
		034058F92658031E00DF115E /* Release */ = {
			isa = XCBuildConfiguration;
			buildSettings = {
				ASSETCATALOG_COMPILER_APPICON_NAME = AppIcon;
				ASSETCATALOG_COMPILER_GLOBAL_ACCENT_COLOR_NAME = AccentColor;
				CODE_SIGN_STYLE = Automatic;
				DEVELOPMENT_TEAM = RCJN47T742;
				INFOPLIST_FILE = "Pair Randomizer/res/Info.plist";
				LD_RUNPATH_SEARCH_PATHS = (
					"$(inherited)",
					"@executable_path/Frameworks",
				);
				PRODUCT_BUNDLE_IDENTIFIER = "com.smithyboi.Pair-Randomizer";
				PRODUCT_NAME = "$(TARGET_NAME)";
				SWIFT_VERSION = 5.0;
				TARGETED_DEVICE_FAMILY = "1,2";
			};
			name = Release;
		};
/* End XCBuildConfiguration section */

/* Begin XCConfigurationList section */
		034058DE2658031D00DF115E /* Build configuration list for PBXProject "Pair Randomizer" */ = {
			isa = XCConfigurationList;
			buildConfigurations = (
				034058F52658031E00DF115E /* Debug */,
				034058F62658031E00DF115E /* Release */,
			);
			defaultConfigurationIsVisible = 0;
			defaultConfigurationName = Release;
		};
		034058F72658031E00DF115E /* Build configuration list for PBXNativeTarget "Pair Randomizer" */ = {
			isa = XCConfigurationList;
			buildConfigurations = (
				034058F82658031E00DF115E /* Debug */,
				034058F92658031E00DF115E /* Release */,
			);
			defaultConfigurationIsVisible = 0;
			defaultConfigurationName = Release;
		};
/* End XCConfigurationList section */
	};
	rootObject = 034058DB2658031D00DF115E /* Project object */;
}
